
Microsoft Visual Studio Solution File, Format Version 12.00
# Visual Studio Version 16
VisualStudioVersion = 16.0.30523.141
MinimumVisualStudioVersion = 10.0.40219.1
Project("{FAE04EC0-301F-11D3-BF4B-00C04F79EFBC}") = "DZ4_2", "DZ4_2\DZ4_2.csproj", "{FF234C57-50F4-48EA-A7F5-1C9FA3EE338F}"
EndProject
Global
	GlobalSection(SolutionConfigurationPlatforms) = preSolution
		Debug|Any CPU = Debug|Any CPU
		Release|Any CPU = Release|Any CPU
	EndGlobalSection
	GlobalSection(ProjectConfigurationPlatforms) = postSolution
		{FF234C57-50F4-48EA-A7F5-1C9FA3EE338F}.Debug|Any CPU.ActiveCfg = Debug|Any CPU
		{FF234C57-50F4-48EA-A7F5-1C9FA3EE338F}.Debug|Any CPU.Build.0 = Debug|Any CPU
		{FF234C57-50F4-48EA-A7F5-1C9FA3EE338F}.Release|Any CPU.ActiveCfg = Release|Any CPU
		{FF234C57-50F4-48EA-A7F5-1C9FA3EE338F}.Release|Any CPU.Build.0 = Release|Any CPU
	EndGlobalSection
	GlobalSection(SolutionProperties) = preSolution
		HideSolutionNode = FALSE
	EndGlobalSection
	GlobalSection(ExtensibilityGlobals) = postSolution
		SolutionGuid = {F9E1B476-5F24-4E46-8EEE-14493C55D91D}
	EndGlobalSection
EndGlobal
