
Microsoft Visual Studio Solution File, Format Version 12.00
# Visual Studio Version 16
VisualStudioVersion = 16.0.30523.141
MinimumVisualStudioVersion = 10.0.40219.1
Project("{FAE04EC0-301F-11D3-BF4B-00C04F79EFBC}") = "DZ_4", "DZ_4\DZ_4.csproj", "{B6259254-5E90-4D95-87F1-6C39D41C7D01}"
EndProject
Global
	GlobalSection(SolutionConfigurationPlatforms) = preSolution
		Debug|Any CPU = Debug|Any CPU
		Release|Any CPU = Release|Any CPU
	EndGlobalSection
	GlobalSection(ProjectConfigurationPlatforms) = postSolution
		{B6259254-5E90-4D95-87F1-6C39D41C7D01}.Debug|Any CPU.ActiveCfg = Debug|Any CPU
		{B6259254-5E90-4D95-87F1-6C39D41C7D01}.Debug|Any CPU.Build.0 = Debug|Any CPU
		{B6259254-5E90-4D95-87F1-6C39D41C7D01}.Release|Any CPU.ActiveCfg = Release|Any CPU
		{B6259254-5E90-4D95-87F1-6C39D41C7D01}.Release|Any CPU.Build.0 = Release|Any CPU
	EndGlobalSection
	GlobalSection(SolutionProperties) = preSolution
		HideSolutionNode = FALSE
	EndGlobalSection
	GlobalSection(ExtensibilityGlobals) = postSolution
		SolutionGuid = {D902C24A-65C3-4CF5-B585-D4DE412A147D}
	EndGlobalSection
EndGlobal
